
Microsoft Visual Studio Solution File, Format Version 12.00
# Visual Studio Version 16
VisualStudioVersion = 16.0.30907.101
MinimumVisualStudioVersion = 10.0.40219.1
Project("{FAE04EC0-301F-11D3-BF4B-00C04F79EFBC}") = "ConsoleApp13", "ConsoleApp13.csproj", "{0C9AB103-EB0F-494C-AC3D-FA5F817ED094}"
EndProject
Global
	GlobalSection(SolutionConfigurationPlatforms) = preSolution
		Debug|Any CPU = Debug|Any CPU
		Release|Any CPU = Release|Any CPU
	EndGlobalSection
	GlobalSection(ProjectConfigurationPlatforms) = postSolution
		{0C9AB103-EB0F-494C-AC3D-FA5F817ED094}.Debug|Any CPU.ActiveCfg = Debug|Any CPU
		{0C9AB103-EB0F-494C-AC3D-FA5F817ED094}.Debug|Any CPU.Build.0 = Debug|Any CPU
		{0C9AB103-EB0F-494C-AC3D-FA5F817ED094}.Release|Any CPU.ActiveCfg = Release|Any CPU
		{0C9AB103-EB0F-494C-AC3D-FA5F817ED094}.Release|Any CPU.Build.0 = Release|Any CPU
	EndGlobalSection
	GlobalSection(SolutionProperties) = preSolution
		HideSolutionNode = FALSE
	EndGlobalSection
	GlobalSection(ExtensibilityGlobals) = postSolution
		SolutionGuid = {964333A4-B359-4450-BBFA-E6381C8394B3}
	EndGlobalSection
EndGlobal
